
Microsoft Visual Studio Solution File, Format Version 12.00
# Visual Studio Version 17
VisualStudioVersion = 17.13.35825.156
MinimumVisualStudioVersion = 10.0.40219.1
Project("{FAE04EC0-301F-11D3-BF4B-00C04F79EFBC}") = "WindowsFormsApp_cotrol1", "WindowsFormsApp_cotrol1.csproj", "{59937A31-C54F-4189-A849-FDAC63495A26}"
EndProject
Global
	GlobalSection(SolutionConfigurationPlatforms) = preSolution
		Debug|Any CPU = Debug|Any CPU
		Release|Any CPU = Release|Any CPU
	EndGlobalSection
	GlobalSection(ProjectConfigurationPlatforms) = postSolution
		{59937A31-C54F-4189-A849-FDAC63495A26}.Debug|Any CPU.ActiveCfg = Debug|Any CPU
		{59937A31-C54F-4189-A849-FDAC63495A26}.Debug|Any CPU.Build.0 = Debug|Any CPU
		{59937A31-C54F-4189-A849-FDAC63495A26}.Release|Any CPU.ActiveCfg = Release|Any CPU
		{59937A31-C54F-4189-A849-FDAC63495A26}.Release|Any CPU.Build.0 = Release|Any CPU
	EndGlobalSection
	GlobalSection(SolutionProperties) = preSolution
		HideSolutionNode = FALSE
	EndGlobalSection
	GlobalSection(ExtensibilityGlobals) = postSolution
		SolutionGuid = {BAC9110E-6605-447E-9E64-960AE105A56D}
	EndGlobalSection
EndGlobal
